
Microsoft Visual Studio Solution File, Format Version 12.00
# Visual Studio Version 16
VisualStudioVersion = 16.0.31205.134
MinimumVisualStudioVersion = 10.0.40219.1
Project("{FAE04EC0-301F-11D3-BF4B-00C04F79EFBC}") = "hidden-folder", "hidden-folder\hidden-folder.csproj", "{FA648374-4925-452E-A787-C31AD6FE8AF3}"
EndProject
Global
	GlobalSection(SolutionConfigurationPlatforms) = preSolution
		Debug|Any CPU = Debug|Any CPU
		Release|Any CPU = Release|Any CPU
	EndGlobalSection
	GlobalSection(ProjectConfigurationPlatforms) = postSolution
		{FA648374-4925-452E-A787-C31AD6FE8AF3}.Debug|Any CPU.ActiveCfg = Debug|Any CPU
		{FA648374-4925-452E-A787-C31AD6FE8AF3}.Debug|Any CPU.Build.0 = Debug|Any CPU
		{FA648374-4925-452E-A787-C31AD6FE8AF3}.Release|Any CPU.ActiveCfg = Release|Any CPU
		{FA648374-4925-452E-A787-C31AD6FE8AF3}.Release|Any CPU.Build.0 = Release|Any CPU
	EndGlobalSection
	GlobalSection(SolutionProperties) = preSolution
		HideSolutionNode = FALSE
	EndGlobalSection
	GlobalSection(ExtensibilityGlobals) = postSolution
		SolutionGuid = {D1D6E5EB-E90B-4EF0-84DC-55A96CCD21A4}
	EndGlobalSection
EndGlobal
